
Microsoft Visual Studio Solution File, Format Version 12.00
# Visual Studio 2012
Project("{FAE04EC0-301F-11D3-BF4B-00C04F79EFBC}") = "K-Largest", "K-Largest\K-Largest.csproj", "{267668B0-7BEA-41F2-9EAF-34FFABF9EE8C}"
EndProject
Project("{FAE04EC0-301F-11D3-BF4B-00C04F79EFBC}") = "K-Largest-Tests", "K-Largest-Tests\K-Largest-Tests.csproj", "{6534BCE7-FCE6-4407-821B-3A32915CE582}"
EndProject
Global
	GlobalSection(SolutionConfigurationPlatforms) = preSolution
		Debug|Any CPU = Debug|Any CPU
		Release|Any CPU = Release|Any CPU
	EndGlobalSection
	GlobalSection(ProjectConfigurationPlatforms) = postSolution
		{267668B0-7BEA-41F2-9EAF-34FFABF9EE8C}.Debug|Any CPU.ActiveCfg = Debug|Any CPU
		{267668B0-7BEA-41F2-9EAF-34FFABF9EE8C}.Debug|Any CPU.Build.0 = Debug|Any CPU
		{267668B0-7BEA-41F2-9EAF-34FFABF9EE8C}.Release|Any CPU.ActiveCfg = Release|Any CPU
		{267668B0-7BEA-41F2-9EAF-34FFABF9EE8C}.Release|Any CPU.Build.0 = Release|Any CPU
		{6534BCE7-FCE6-4407-821B-3A32915CE582}.Debug|Any CPU.ActiveCfg = Debug|Any CPU
		{6534BCE7-FCE6-4407-821B-3A32915CE582}.Debug|Any CPU.Build.0 = Debug|Any CPU
		{6534BCE7-FCE6-4407-821B-3A32915CE582}.Release|Any CPU.ActiveCfg = Release|Any CPU
		{6534BCE7-FCE6-4407-821B-3A32915CE582}.Release|Any CPU.Build.0 = Release|Any CPU
	EndGlobalSection
	GlobalSection(SolutionProperties) = preSolution
		HideSolutionNode = FALSE
	EndGlobalSection
EndGlobal
